// !$*UTF8*$!
{
	archiveVersion = 1;
	classes = {
	};
	objectVersion = 48;
	objects = {

/* Begin PBXBuildFile section */
		96A04CDF575B0D924098D604 /* libPods-wxControlTweak.a in Frameworks */ = {isa = PBXBuildFile; fileRef = 4BC598B6A69EDCB1E01B0E82 /* libPods-wxControlTweak.a */; };
		E11149DA20FB2A4300A78825 /* KNconvertHexStrToString.m in Sources */ = {isa = PBXBuildFile; fileRef = E11149D820FB2A4300A78825 /* KNconvertHexStrToString.m */; };
		E11149DB20FB2A4300A78825 /* KNconvertHexStrToString.h in Headers */ = {isa = PBXBuildFile; fileRef = E11149D920FB2A4300A78825 /* KNconvertHexStrToString.h */; };
		E1B71AA020F89E1000C30A86 /* UIKit.framework in Frameworks */ = {isa = PBXBuildFile; fileRef = E1B71A9F20F89E1000C30A86 /* UIKit.framework */; };
		E1B71AA220F89E1000C30A86 /* Foundation.framework in Frameworks */ = {isa = PBXBuildFile; fileRef = E1B71AA120F89E1000C30A86 /* Foundation.framework */; };
		E1B71AA420F89E1000C30A86 /* CydiaSubstrate.framework in Frameworks */ = {isa = PBXBuildFile; fileRef = E1B71AA320F89E1000C30A86 /* CydiaSubstrate.framework */; };
		E1B71AB320F89E1000C30A86 /* wxControlTweak.mm in Sources */ = {isa = PBXBuildFile; fileRef = E1B71AB220F89E1000C30A86 /* wxControlTweak.mm */; settings = {COMPILER_FLAGS = "-fno-objc-arc"; }; };
		E1B71AC520F999E800C30A86 /* KNConstTool.h in Headers */ = {isa = PBXBuildFile; fileRef = E1B71ABD20F999E800C30A86 /* KNConstTool.h */; };
		E1B71AC620F999E800C30A86 /* KNSocketRespondModel.h in Headers */ = {isa = PBXBuildFile; fileRef = E1B71ABE20F999E800C30A86 /* KNSocketRespondModel.h */; };
		E1B71AC720F999E800C30A86 /* GACSocketModel.h in Headers */ = {isa = PBXBuildFile; fileRef = E1B71ABF20F999E800C30A86 /* GACSocketModel.h */; };
		E1B71AC820F999E800C30A86 /* GACConnectConfig.h in Headers */ = {isa = PBXBuildFile; fileRef = E1B71AC020F999E800C30A86 /* GACConnectConfig.h */; };
		E1B71AC920F999E800C30A86 /* KNConstTool.m in Sources */ = {isa = PBXBuildFile; fileRef = E1B71AC120F999E800C30A86 /* KNConstTool.m */; };
		E1B71ACA20F999E800C30A86 /* KNSocketRespondModel.m in Sources */ = {isa = PBXBuildFile; fileRef = E1B71AC220F999E800C30A86 /* KNSocketRespondModel.m */; };
		E1B71ACB20F999E800C30A86 /* GACSocketModel.m in Sources */ = {isa = PBXBuildFile; fileRef = E1B71AC320F999E800C30A86 /* GACSocketModel.m */; };
		E1B71ACC20F999E800C30A86 /* GACConnectConfig.m in Sources */ = {isa = PBXBuildFile; fileRef = E1B71AC420F999E800C30A86 /* GACConnectConfig.m */; };
		E1B71AD120F999FF00C30A86 /* FLSocketManager.m in Sources */ = {isa = PBXBuildFile; fileRef = E1B71ACD20F999FF00C30A86 /* FLSocketManager.m */; };
		E1B71AD220F999FF00C30A86 /* KNSocketManagerTool.h in Headers */ = {isa = PBXBuildFile; fileRef = E1B71ACE20F999FF00C30A86 /* KNSocketManagerTool.h */; };
		E1B71AD320F999FF00C30A86 /* KNSocketManagerTool.m in Sources */ = {isa = PBXBuildFile; fileRef = E1B71ACF20F999FF00C30A86 /* KNSocketManagerTool.m */; };
		E1B71AD420F999FF00C30A86 /* FLSocketManager.h in Headers */ = {isa = PBXBuildFile; fileRef = E1B71AD020F999FF00C30A86 /* FLSocketManager.h */; };
		E1B71AD820F9A3FB00C30A86 /* HSSingleton.h in Headers */ = {isa = PBXBuildFile; fileRef = E1B71AD720F9A3FB00C30A86 /* HSSingleton.h */; };
		E1B71AE020F9A4B700C30A86 /* KNConst.h in Headers */ = {isa = PBXBuildFile; fileRef = E1B71ADA20F9A4B700C30A86 /* KNConst.h */; };
		E1B71AE120F9A4B700C30A86 /* HCPEnvrionmentalVariables.m in Sources */ = {isa = PBXBuildFile; fileRef = E1B71ADB20F9A4B700C30A86 /* HCPEnvrionmentalVariables.m */; };
		E1B71AE220F9A4B700C30A86 /* Const.m in Sources */ = {isa = PBXBuildFile; fileRef = E1B71ADC20F9A4B700C30A86 /* Const.m */; };
		E1B71AE320F9A4B700C30A86 /* KNConst.m in Sources */ = {isa = PBXBuildFile; fileRef = E1B71ADD20F9A4B700C30A86 /* KNConst.m */; };
		E1B71AE420F9A4B700C30A86 /* Const.h in Headers */ = {isa = PBXBuildFile; fileRef = E1B71ADE20F9A4B700C30A86 /* Const.h */; };
		E1B71AE520F9A4B700C30A86 /* HCPEnvrionmentalVariables.h in Headers */ = {isa = PBXBuildFile; fileRef = E1B71ADF20F9A4B700C30A86 /* HCPEnvrionmentalVariables.h */; };
		E1B71AEA20FB248700C30A86 /* KNNotificationTool.h in Headers */ = {isa = PBXBuildFile; fileRef = E1B71AE820FB248700C30A86 /* KNNotificationTool.h */; };
		E1B71AEB20FB248700C30A86 /* KNNotificationTool.m in Sources */ = {isa = PBXBuildFile; fileRef = E1B71AE920FB248700C30A86 /* KNNotificationTool.m */; };
/* End PBXBuildFile section */

/* Begin PBXFileReference section */
		4BC598B6A69EDCB1E01B0E82 /* libPods-wxControlTweak.a */ = {isa = PBXFileReference; explicitFileType = archive.ar; includeInIndex = 0; path = "libPods-wxControlTweak.a"; sourceTree = BUILT_PRODUCTS_DIR; };
		4FE2F33A7294B9F3D37A47FC /* Pods-wxControlTweak.debug.xcconfig */ = {isa = PBXFileReference; includeInIndex = 1; lastKnownFileType = text.xcconfig; name = "Pods-wxControlTweak.debug.xcconfig"; path = "Pods/Target Support Files/Pods-wxControlTweak/Pods-wxControlTweak.debug.xcconfig"; sourceTree = "<group>"; };
		C8D3198B00E5415BF3ABDF73 /* Pods-wxControlTweak.release.xcconfig */ = {isa = PBXFileReference; includeInIndex = 1; lastKnownFileType = text.xcconfig; name = "Pods-wxControlTweak.release.xcconfig"; path = "Pods/Target Support Files/Pods-wxControlTweak/Pods-wxControlTweak.release.xcconfig"; sourceTree = "<group>"; };
		E11149D820FB2A4300A78825 /* KNconvertHexStrToString.m */ = {isa = PBXFileReference; fileEncoding = 4; lastKnownFileType = sourcecode.c.objc; path = KNconvertHexStrToString.m; sourceTree = "<group>"; };
		E11149D920FB2A4300A78825 /* KNconvertHexStrToString.h */ = {isa = PBXFileReference; fileEncoding = 4; lastKnownFileType = sourcecode.c.h; path = KNconvertHexStrToString.h; sourceTree = "<group>"; };
		E1B71A9C20F89E1000C30A86 /* wxControlTweak.dylib */ = {isa = PBXFileReference; explicitFileType = "compiled.mach-o.dylib"; includeInIndex = 0; path = wxControlTweak.dylib; sourceTree = BUILT_PRODUCTS_DIR; };
		E1B71A9F20F89E1000C30A86 /* UIKit.framework */ = {isa = PBXFileReference; lastKnownFileType = wrapper.framework; name = UIKit.framework; path = System/Library/Frameworks/UIKit.framework; sourceTree = SDKROOT; };
		E1B71AA120F89E1000C30A86 /* Foundation.framework */ = {isa = PBXFileReference; lastKnownFileType = wrapper.framework; name = Foundation.framework; path = System/Library/Frameworks/Foundation.framework; sourceTree = SDKROOT; };
		E1B71AA320F89E1000C30A86 /* CydiaSubstrate.framework */ = {isa = PBXFileReference; lastKnownFileType = wrapper.framework; name = CydiaSubstrate.framework; path = Library/Frameworks/CydiaSubstrate.framework; sourceTree = DEVELOPER_DIR; };
		E1B71AA820F89E1000C30A86 /* control */ = {isa = PBXFileReference; lastKnownFileType = text; name = control; path = Package/DEBIAN/control; sourceTree = "<group>"; };
		E1B71AAC20F89E1000C30A86 /* wxControlTweak.plist */ = {isa = PBXFileReference; lastKnownFileType = text.plist.xml; name = wxControlTweak.plist; path = Package/Library/PreferenceLoader/Preferences/wxControlTweak.plist; sourceTree = "<group>"; };
		E1B71AAD20F89E1000C30A86 /* wxControlTweakIcon.png */ = {isa = PBXFileReference; lastKnownFileType = image.png; name = wxControlTweakIcon.png; path = Package/Library/PreferenceLoader/Preferences/wxControlTweakIcon.png; sourceTree = "<group>"; };
		E1B71AAE20F89E1000C30A86 /* wxControlTweakIcon@2x.png */ = {isa = PBXFileReference; lastKnownFileType = image.png; name = "wxControlTweakIcon@2x.png"; path = "Package/Library/PreferenceLoader/Preferences/wxControlTweakIcon@2x.png"; sourceTree = "<group>"; };
		E1B71AB020F89E1000C30A86 /* wxControlTweak-Prefix.pch */ = {isa = PBXFileReference; lastKnownFileType = sourcecode.c.h; path = "wxControlTweak-Prefix.pch"; sourceTree = "<group>"; };
		E1B71AB120F89E1000C30A86 /* wxControlTweak.xm */ = {isa = PBXFileReference; lastKnownFileType = text; path = wxControlTweak.xm; sourceTree = "<group>"; xcLanguageSpecificationIdentifier = xcode.lang.objc; };
		E1B71AB220F89E1000C30A86 /* wxControlTweak.mm */ = {isa = PBXFileReference; lastKnownFileType = sourcecode.cpp.objcpp; path = wxControlTweak.mm; sourceTree = "<group>"; };
		E1B71AB620F89E1000C30A86 /* wxControlTweak.plist */ = {isa = PBXFileReference; lastKnownFileType = text.plist.xml; name = wxControlTweak.plist; path = Package/Library/MobileSubstrate/DynamicLibraries/wxControlTweak.plist; sourceTree = "<group>"; };
		E1B71ABD20F999E800C30A86 /* KNConstTool.h */ = {isa = PBXFileReference; fileEncoding = 4; lastKnownFileType = sourcecode.c.h; path = KNConstTool.h; sourceTree = "<group>"; };
		E1B71ABE20F999E800C30A86 /* KNSocketRespondModel.h */ = {isa = PBXFileReference; fileEncoding = 4; lastKnownFileType = sourcecode.c.h; path = KNSocketRespondModel.h; sourceTree = "<group>"; };
		E1B71ABF20F999E800C30A86 /* GACSocketModel.h */ = {isa = PBXFileReference; fileEncoding = 4; lastKnownFileType = sourcecode.c.h; path = GACSocketModel.h; sourceTree = "<group>"; };
		E1B71AC020F999E800C30A86 /* GACConnectConfig.h */ = {isa = PBXFileReference; fileEncoding = 4; lastKnownFileType = sourcecode.c.h; path = GACConnectConfig.h; sourceTree = "<group>"; };
		E1B71AC120F999E800C30A86 /* KNConstTool.m */ = {isa = PBXFileReference; fileEncoding = 4; lastKnownFileType = sourcecode.c.objc; path = KNConstTool.m; sourceTree = "<group>"; };
		E1B71AC220F999E800C30A86 /* KNSocketRespondModel.m */ = {isa = PBXFileReference; fileEncoding = 4; lastKnownFileType = sourcecode.c.objc; path = KNSocketRespondModel.m; sourceTree = "<group>"; };
		E1B71AC320F999E800C30A86 /* GACSocketModel.m */ = {isa = PBXFileReference; fileEncoding = 4; lastKnownFileType = sourcecode.c.objc; path = GACSocketModel.m; sourceTree = "<group>"; };
		E1B71AC420F999E800C30A86 /* GACConnectConfig.m */ = {isa = PBXFileReference; fileEncoding = 4; lastKnownFileType = sourcecode.c.objc; path = GACConnectConfig.m; sourceTree = "<group>"; };
		E1B71ACD20F999FF00C30A86 /* FLSocketManager.m */ = {isa = PBXFileReference; fileEncoding = 4; lastKnownFileType = sourcecode.c.objc; path = FLSocketManager.m; sourceTree = "<group>"; };
		E1B71ACE20F999FF00C30A86 /* KNSocketManagerTool.h */ = {isa = PBXFileReference; fileEncoding = 4; lastKnownFileType = sourcecode.c.h; path = KNSocketManagerTool.h; sourceTree = "<group>"; };
		E1B71ACF20F999FF00C30A86 /* KNSocketManagerTool.m */ = {isa = PBXFileReference; fileEncoding = 4; lastKnownFileType = sourcecode.c.objc; path = KNSocketManagerTool.m; sourceTree = "<group>"; };
		E1B71AD020F999FF00C30A86 /* FLSocketManager.h */ = {isa = PBXFileReference; fileEncoding = 4; lastKnownFileType = sourcecode.c.h; path = FLSocketManager.h; sourceTree = "<group>"; };
		E1B71AD720F9A3FB00C30A86 /* HSSingleton.h */ = {isa = PBXFileReference; fileEncoding = 4; lastKnownFileType = sourcecode.c.h; path = HSSingleton.h; sourceTree = "<group>"; };
		E1B71ADA20F9A4B700C30A86 /* KNConst.h */ = {isa = PBXFileReference; fileEncoding = 4; lastKnownFileType = sourcecode.c.h; path = KNConst.h; sourceTree = "<group>"; };
		E1B71ADB20F9A4B700C30A86 /* HCPEnvrionmentalVariables.m */ = {isa = PBXFileReference; fileEncoding = 4; lastKnownFileType = sourcecode.c.objc; path = HCPEnvrionmentalVariables.m; sourceTree = "<group>"; };
		E1B71ADC20F9A4B700C30A86 /* Const.m */ = {isa = PBXFileReference; fileEncoding = 4; lastKnownFileType = sourcecode.c.objc; path = Const.m; sourceTree = "<group>"; };
		E1B71ADD20F9A4B700C30A86 /* KNConst.m */ = {isa = PBXFileReference; fileEncoding = 4; lastKnownFileType = sourcecode.c.objc; path = KNConst.m; sourceTree = "<group>"; };
		E1B71ADE20F9A4B700C30A86 /* Const.h */ = {isa = PBXFileReference; fileEncoding = 4; lastKnownFileType = sourcecode.c.h; path = Const.h; sourceTree = "<group>"; };
		E1B71ADF20F9A4B700C30A86 /* HCPEnvrionmentalVariables.h */ = {isa = PBXFileReference; fileEncoding = 4; lastKnownFileType = sourcecode.c.h; path = HCPEnvrionmentalVariables.h; sourceTree = "<group>"; };
		E1B71AE820FB248700C30A86 /* KNNotificationTool.h */ = {isa = PBXFileReference; fileEncoding = 4; lastKnownFileType = sourcecode.c.h; path = KNNotificationTool.h; sourceTree = "<group>"; };
		E1B71AE920FB248700C30A86 /* KNNotificationTool.m */ = {isa = PBXFileReference; fileEncoding = 4; lastKnownFileType = sourcecode.c.objc; path = KNNotificationTool.m; sourceTree = "<group>"; };
/* End PBXFileReference section */

/* Begin PBXFrameworksBuildPhase section */
		E1B71A9820F89E1000C30A86 /* Frameworks */ = {
			isa = PBXFrameworksBuildPhase;
			buildActionMask = 2147483647;
			files = (
				E1B71AA020F89E1000C30A86 /* UIKit.framework in Frameworks */,
				E1B71AA220F89E1000C30A86 /* Foundation.framework in Frameworks */,
				E1B71AA420F89E1000C30A86 /* CydiaSubstrate.framework in Frameworks */,
				96A04CDF575B0D924098D604 /* libPods-wxControlTweak.a in Frameworks */,
			);
			runOnlyForDeploymentPostprocessing = 0;
		};
/* End PBXFrameworksBuildPhase section */

/* Begin PBXGroup section */
		E11149D720FB2A4300A78825 /* KNconvertHexStrToString */ = {
			isa = PBXGroup;
			children = (
				E11149D820FB2A4300A78825 /* KNconvertHexStrToString.m */,
				E11149D920FB2A4300A78825 /* KNconvertHexStrToString.h */,
			);
			path = KNconvertHexStrToString;
			sourceTree = "<group>";
		};
		E1B71A9120F89E1000C30A86 = {
			isa = PBXGroup;
			children = (
				E1B71AD620F9A3E000C30A86 /* tool */,
				E1B71AD520F99A1900C30A86 /* SocketManager */,
				E1B71AA520F89E1000C30A86 /* wxControlTweak */,
				E1B71A9E20F89E1000C30A86 /* Frameworks */,
				E1B71A9D20F89E1000C30A86 /* Products */,
				E5ABAA33532CA4A32F9F6DDE /* Pods */,
			);
			sourceTree = "<group>";
		};
		E1B71A9D20F89E1000C30A86 /* Products */ = {
			isa = PBXGroup;
			children = (
				E1B71A9C20F89E1000C30A86 /* wxControlTweak.dylib */,
			);
			name = Products;
			sourceTree = "<group>";
		};
		E1B71A9E20F89E1000C30A86 /* Frameworks */ = {
			isa = PBXGroup;
			children = (
				E1B71A9F20F89E1000C30A86 /* UIKit.framework */,
				E1B71AA120F89E1000C30A86 /* Foundation.framework */,
				E1B71AA320F89E1000C30A86 /* CydiaSubstrate.framework */,
				4BC598B6A69EDCB1E01B0E82 /* libPods-wxControlTweak.a */,
			);
			name = Frameworks;
			sourceTree = "<group>";
		};
		E1B71AA520F89E1000C30A86 /* wxControlTweak */ = {
			isa = PBXGroup;
			children = (
				E1B71AB120F89E1000C30A86 /* wxControlTweak.xm */,
				E1B71AB220F89E1000C30A86 /* wxControlTweak.mm */,
				E1B71AA620F89E1000C30A86 /* Package */,
				E1B71AAF20F89E1000C30A86 /* Supporting Files */,
			);
			path = wxControlTweak;
			sourceTree = "<group>";
		};
		E1B71AA620F89E1000C30A86 /* Package */ = {
			isa = PBXGroup;
			children = (
				E1B71AA720F89E1000C30A86 /* DEBIAN */,
				E1B71AA920F89E1000C30A86 /* Library */,
			);
			name = Package;
			sourceTree = "<group>";
		};
		E1B71AA720F89E1000C30A86 /* DEBIAN */ = {
			isa = PBXGroup;
			children = (
				E1B71AA820F89E1000C30A86 /* control */,
			);
			name = DEBIAN;
			sourceTree = "<group>";
		};
		E1B71AA920F89E1000C30A86 /* Library */ = {
			isa = PBXGroup;
			children = (
				E1B71AAA20F89E1000C30A86 /* PreferenceLoader */,
				E1B71AB420F89E1000C30A86 /* MobileSubstrate */,
			);
			name = Library;
			sourceTree = "<group>";
		};
		E1B71AAA20F89E1000C30A86 /* PreferenceLoader */ = {
			isa = PBXGroup;
			children = (
				E1B71AAB20F89E1000C30A86 /* Preferences */,
			);
			name = PreferenceLoader;
			sourceTree = "<group>";
		};
		E1B71AAB20F89E1000C30A86 /* Preferences */ = {
			isa = PBXGroup;
			children = (
				E1B71AAC20F89E1000C30A86 /* wxControlTweak.plist */,
				E1B71AAD20F89E1000C30A86 /* wxControlTweakIcon.png */,
				E1B71AAE20F89E1000C30A86 /* wxControlTweakIcon@2x.png */,
			);
			name = Preferences;
			sourceTree = "<group>";
		};
		E1B71AAF20F89E1000C30A86 /* Supporting Files */ = {
			isa = PBXGroup;
			children = (
				E1B71AB020F89E1000C30A86 /* wxControlTweak-Prefix.pch */,
			);
			name = "Supporting Files";
			sourceTree = "<group>";
		};
		E1B71AB420F89E1000C30A86 /* MobileSubstrate */ = {
			isa = PBXGroup;
			children = (
				E1B71AB520F89E1000C30A86 /* DynamicLibraries */,
			);
			name = MobileSubstrate;
			sourceTree = "<group>";
		};
		E1B71AB520F89E1000C30A86 /* DynamicLibraries */ = {
			isa = PBXGroup;
			children = (
				E1B71AB620F89E1000C30A86 /* wxControlTweak.plist */,
			);
			name = DynamicLibraries;
			sourceTree = "<group>";
		};
		E1B71ABC20F999E800C30A86 /* Model */ = {
			isa = PBXGroup;
			children = (
				E1B71AE620FAEEF900C30A86 /* enum */,
				E1B71ABE20F999E800C30A86 /* KNSocketRespondModel.h */,
				E1B71ABF20F999E800C30A86 /* GACSocketModel.h */,
				E1B71AC020F999E800C30A86 /* GACConnectConfig.h */,
				E1B71AC220F999E800C30A86 /* KNSocketRespondModel.m */,
				E1B71AC320F999E800C30A86 /* GACSocketModel.m */,
				E1B71AC420F999E800C30A86 /* GACConnectConfig.m */,
			);
			path = Model;
			sourceTree = "<group>";
		};
		E1B71AD520F99A1900C30A86 /* SocketManager */ = {
			isa = PBXGroup;
			children = (
				E1B71AEC20FB248C00C30A86 /* tool */,
				E1B71ABC20F999E800C30A86 /* Model */,
				E1B71AE720FAF23300C30A86 /* Manager */,
			);
			path = SocketManager;
			sourceTree = "<group>";
		};
		E1B71AD620F9A3E000C30A86 /* tool */ = {
			isa = PBXGroup;
			children = (
				E11149D720FB2A4300A78825 /* KNconvertHexStrToString */,
				E1B71AD920F9A4B700C30A86 /* constant */,
				E1B71AD720F9A3FB00C30A86 /* HSSingleton.h */,
			);
			path = tool;
			sourceTree = "<group>";
		};
		E1B71AD920F9A4B700C30A86 /* constant */ = {
			isa = PBXGroup;
			children = (
				E1B71ADA20F9A4B700C30A86 /* KNConst.h */,
				E1B71ADB20F9A4B700C30A86 /* HCPEnvrionmentalVariables.m */,
				E1B71ADC20F9A4B700C30A86 /* Const.m */,
				E1B71ADD20F9A4B700C30A86 /* KNConst.m */,
				E1B71ADE20F9A4B700C30A86 /* Const.h */,
				E1B71ADF20F9A4B700C30A86 /* HCPEnvrionmentalVariables.h */,
			);
			path = constant;
			sourceTree = "<group>";
		};
		E1B71AE620FAEEF900C30A86 /* enum */ = {
			isa = PBXGroup;
			children = (
				E1B71ABD20F999E800C30A86 /* KNConstTool.h */,
				E1B71AC120F999E800C30A86 /* KNConstTool.m */,
			);
			path = enum;
			sourceTree = "<group>";
		};
		E1B71AE720FAF23300C30A86 /* Manager */ = {
			isa = PBXGroup;
			children = (
				E1B71AD020F999FF00C30A86 /* FLSocketManager.h */,
				E1B71ACD20F999FF00C30A86 /* FLSocketManager.m */,
				E1B71ACE20F999FF00C30A86 /* KNSocketManagerTool.h */,
				E1B71ACF20F999FF00C30A86 /* KNSocketManagerTool.m */,
			);
			path = Manager;
			sourceTree = "<group>";
		};
		E1B71AEC20FB248C00C30A86 /* tool */ = {
			isa = PBXGroup;
			children = (
				E1B71AE820FB248700C30A86 /* KNNotificationTool.h */,
				E1B71AE920FB248700C30A86 /* KNNotificationTool.m */,
			);
			path = tool;
			sourceTree = "<group>";
		};
		E5ABAA33532CA4A32F9F6DDE /* Pods */ = {
			isa = PBXGroup;
			children = (
				C8D3198B00E5415BF3ABDF73 /* Pods-wxControlTweak.release.xcconfig */,
				4FE2F33A7294B9F3D37A47FC /* Pods-wxControlTweak.debug.xcconfig */,
			);
			name = Pods;
			sourceTree = "<group>";
		};
/* End PBXGroup section */

/* Begin PBXHeadersBuildPhase section */
		E1B71A9920F89E1000C30A86 /* Headers */ = {
			isa = PBXHeadersBuildPhase;
			buildActionMask = 2147483647;
			files = (
				E1B71AC620F999E800C30A86 /* KNSocketRespondModel.h in Headers */,
				E1B71AE520F9A4B700C30A86 /* HCPEnvrionmentalVariables.h in Headers */,
				E1B71AD820F9A3FB00C30A86 /* HSSingleton.h in Headers */,
				E1B71AC520F999E800C30A86 /* KNConstTool.h in Headers */,
				E1B71AC720F999E800C30A86 /* GACSocketModel.h in Headers */,
				E11149DB20FB2A4300A78825 /* KNconvertHexStrToString.h in Headers */,
				E1B71AC820F999E800C30A86 /* GACConnectConfig.h in Headers */,
				E1B71AD220F999FF00C30A86 /* KNSocketManagerTool.h in Headers */,
				E1B71AEA20FB248700C30A86 /* KNNotificationTool.h in Headers */,
				E1B71AE420F9A4B700C30A86 /* Const.h in Headers */,
				E1B71AD420F999FF00C30A86 /* FLSocketManager.h in Headers */,
				E1B71AE020F9A4B700C30A86 /* KNConst.h in Headers */,
			);
			runOnlyForDeploymentPostprocessing = 0;
		};
/* End PBXHeadersBuildPhase section */

/* Begin PBXNativeTarget section */
		E1B71A9B20F89E1000C30A86 /* wxControlTweak */ = {
			isa = PBXNativeTarget;
			buildConfigurationList = E1B71AB920F89E1000C30A86 /* Build configuration list for PBXNativeTarget "wxControlTweak" */;
			buildPhases = (
				DB2675070B654D04C3F7874A /* [CP] Check Pods Manifest.lock */,
				E1B71A9620F89E1000C30A86 /* ShellScript */,
				E1B71A9720F89E1000C30A86 /* Sources */,
				E1B71A9820F89E1000C30A86 /* Frameworks */,
				E1B71A9920F89E1000C30A86 /* Headers */,
				E1B71A9A20F89E1000C30A86 /* ShellScript */,
			);
			buildRules = (
			);
			dependencies = (
			);
			name = wxControlTweak;
			productName = wxControlTweak;
			productReference = E1B71A9C20F89E1000C30A86 /* wxControlTweak.dylib */;
			productType = "com.apple.product-type.library.dynamic";
		};
/* End PBXNativeTarget section */

/* Begin PBXProject section */
		E1B71A9220F89E1000C30A86 /* Project object */ = {
			isa = PBXProject;
			attributes = {
				LastUpgradeCheck = 0910;
				TargetAttributes = {
					E1B71A9B20F89E1000C30A86 = {
						CreatedOnToolsVersion = 9.1;
						ProvisioningStyle = Automatic;
					};
				};
			};
			buildConfigurationList = E1B71A9520F89E1000C30A86 /* Build configuration list for PBXProject "wxControlTweak" */;
			compatibilityVersion = "Xcode 8.0";
			developmentRegion = en;
			hasScannedForEncodings = 0;
			knownRegions = (
				en,
			);
			mainGroup = E1B71A9120F89E1000C30A86;
			productRefGroup = E1B71A9D20F89E1000C30A86 /* Products */;
			projectDirPath = "";
			projectRoot = "";
			targets = (
				E1B71A9B20F89E1000C30A86 /* wxControlTweak */,
			);
		};
/* End PBXProject section */

/* Begin PBXShellScriptBuildPhase section */
		DB2675070B654D04C3F7874A /* [CP] Check Pods Manifest.lock */ = {
			isa = PBXShellScriptBuildPhase;
			buildActionMask = 2147483647;
			files = (
			);
			inputPaths = (
				"${PODS_PODFILE_DIR_PATH}/Podfile.lock",
				"${PODS_ROOT}/Manifest.lock",
			);
			name = "[CP] Check Pods Manifest.lock";
			outputPaths = (
				"$(DERIVED_FILE_DIR)/Pods-wxControlTweak-checkManifestLockResult.txt",
			);
			runOnlyForDeploymentPostprocessing = 0;
			shellPath = /bin/sh;
			shellScript = "diff \"${PODS_PODFILE_DIR_PATH}/Podfile.lock\" \"${PODS_ROOT}/Manifest.lock\" > /dev/null\nif [ $? != 0 ] ; then\n    # print error to STDERR\n    echo \"error: The sandbox is not in sync with the Podfile.lock. Run 'pod install' or update your CocoaPods installation.\" >&2\n    exit 1\nfi\n# This output is used by Xcode 'outputs' to avoid re-running this script phase.\necho \"SUCCESS\" > \"${SCRIPT_OUTPUT_FILE_0}\"\n";
			showEnvVarsInLog = 0;
		};
		E1B71A9620F89E1000C30A86 /* ShellScript */ = {
			isa = PBXShellScriptBuildPhase;
			buildActionMask = 2147483647;
			files = (
			);
			inputPaths = (
			);
			outputPaths = (
			);
			runOnlyForDeploymentPostprocessing = 0;
			shellPath = /bin/sh;
			shellScript = "/opt/MonkeyDev/bin/md --xcbp-logos";
		};
		E1B71A9A20F89E1000C30A86 /* ShellScript */ = {
			isa = PBXShellScriptBuildPhase;
			buildActionMask = 2147483647;
			files = (
			);
			inputPaths = (
			);
			outputPaths = (
			);
			runOnlyForDeploymentPostprocessing = 0;
			shellPath = /bin/sh;
			shellScript = "/opt/MonkeyDev/bin/md --xcbp";
		};
/* End PBXShellScriptBuildPhase section */

/* Begin PBXSourcesBuildPhase section */
		E1B71A9720F89E1000C30A86 /* Sources */ = {
			isa = PBXSourcesBuildPhase;
			buildActionMask = 2147483647;
			files = (
				E1B71ACB20F999E800C30A86 /* GACSocketModel.m in Sources */,
				E1B71AC920F999E800C30A86 /* KNConstTool.m in Sources */,
				E11149DA20FB2A4300A78825 /* KNconvertHexStrToString.m in Sources */,
				E1B71AD120F999FF00C30A86 /* FLSocketManager.m in Sources */,
				E1B71AE220F9A4B700C30A86 /* Const.m in Sources */,
				E1B71ACA20F999E800C30A86 /* KNSocketRespondModel.m in Sources */,
				E1B71AE120F9A4B700C30A86 /* HCPEnvrionmentalVariables.m in Sources */,
				E1B71AEB20FB248700C30A86 /* KNNotificationTool.m in Sources */,
				E1B71AE320F9A4B700C30A86 /* KNConst.m in Sources */,
				E1B71ACC20F999E800C30A86 /* GACConnectConfig.m in Sources */,
				E1B71AD320F999FF00C30A86 /* KNSocketManagerTool.m in Sources */,
				E1B71AB320F89E1000C30A86 /* wxControlTweak.mm in Sources */,
			);
			runOnlyForDeploymentPostprocessing = 0;
		};
/* End PBXSourcesBuildPhase section */

/* Begin XCBuildConfiguration section */
		E1B71AB720F89E1000C30A86 /* Release */ = {
			isa = XCBuildConfiguration;
			buildSettings = {
				CODE_SIGN_IDENTITY = "iPhone Developer";
				COPY_PHASE_STRIP = YES;
				EXCLUDED_RECURSIVE_SEARCH_PATH_SUBDIRECTORIES = "*.nib *.lproj *.gch (*) .DS_Store CVS .svn .git .hg *.xcodeproj *.xcode *.pbproj *.pbxproj";
				FRAMEWORK_SEARCH_PATHS = (
					"$(MonkeyDevPath)/frameworks/**",
					"$(MonkeyDevTheosPath)/vendor/lib",
				);
				GCC_C_LANGUAGE_STANDARD = gnu99;
				GCC_WARN_ABOUT_MISSING_PROTOTYPES = YES;
				GCC_WARN_ABOUT_RETURN_TYPE = YES;
				GCC_WARN_UNUSED_VARIABLE = YES;
				HEADER_SEARCH_PATHS = "$(MonkeyDevTheosPath)/vendor/include/**";
				IPHONEOS_DEPLOYMENT_TARGET = 8.0;
				LIBRARY_SEARCH_PATHS = "$(MonkeyDevTheosPath)/vendor/lib/**";
				MonkeyDevPath = /opt/MonkeyDev;
				MonkeyDevTheosPath = /opt/theos;
				OTHER_CFLAGS = "-DTHEOS_INSTANCE_NAME=\"\\\"wxControlTweak\\\"\"";
				SDKROOT = iphoneos;
				TARGETED_DEVICE_FAMILY = "1,2";
				VALIDATE_PRODUCT = YES;
			};
			name = Release;
		};
		E1B71AB820F89E1000C30A86 /* Debug */ = {
			isa = XCBuildConfiguration;
			buildSettings = {
				CODE_SIGN_IDENTITY = "iPhone Developer";
				COPY_PHASE_STRIP = NO;
				EXCLUDED_RECURSIVE_SEARCH_PATH_SUBDIRECTORIES = "*.nib *.lproj *.gch (*) .DS_Store CVS .svn .git .hg *.xcodeproj *.xcode *.pbproj *.pbxproj";
				FRAMEWORK_SEARCH_PATHS = (
					"$(MonkeyDevPath)/frameworks/**",
					"$(MonkeyDevTheosPath)/vendor/lib",
				);
				GCC_C_LANGUAGE_STANDARD = gnu99;
				GCC_DYNAMIC_NO_PIC = NO;
				GCC_OPTIMIZATION_LEVEL = 0;
				GCC_PREPROCESSOR_DEFINITIONS = (
					"DEBUG=1",
					"$(inherited)",
				);
				GCC_SYMBOLS_PRIVATE_EXTERN = NO;
				GCC_WARN_ABOUT_MISSING_PROTOTYPES = YES;
				GCC_WARN_ABOUT_RETURN_TYPE = YES;
				GCC_WARN_UNUSED_VARIABLE = YES;
				HEADER_SEARCH_PATHS = "$(MonkeyDevTheosPath)/vendor/include/**";
				IPHONEOS_DEPLOYMENT_TARGET = 8.0;
				LIBRARY_SEARCH_PATHS = "$(MonkeyDevTheosPath)/vendor/lib/**";
				MonkeyDevPath = /opt/MonkeyDev;
				MonkeyDevTheosPath = /opt/theos;
				ONLY_ACTIVE_ARCH = YES;
				OTHER_CFLAGS = "-DTHEOS_INSTANCE_NAME=\"\\\"wxControlTweak\\\"\"";
				SDKROOT = iphoneos;
				TARGETED_DEVICE_FAMILY = "1,2";
				VALIDATE_PRODUCT = NO;
			};
			name = Debug;
		};
		E1B71ABA20F89E1000C30A86 /* Release */ = {
			isa = XCBuildConfiguration;
			baseConfigurationReference = C8D3198B00E5415BF3ABDF73 /* Pods-wxControlTweak.release.xcconfig */;
			buildSettings = {
				CLANG_ENABLE_OBJC_ARC = YES;
				CODE_SIGN_IDENTITY = "";
				CODE_SIGN_STYLE = Automatic;
				DEVELOPMENT_TEAM = MBYQ3L6XSK;
				DYLIB_COMPATIBILITY_VERSION = 1;
				DYLIB_CURRENT_VERSION = 1;
				GCC_PRECOMPILE_PREFIX_HEADER = YES;
				GCC_PREFIX_HEADER = "wxControlTweak/wxControlTweak-Prefix.pch";
				INSTALL_PATH = /Library/MobileSubstrate/DynamicLibraries;
				MonkeyDevBuildPackageOnAnyBuild = NO;
				MonkeyDevClearUiCacheOnInstall = NO;
				MonkeyDevCopyOnBuild = NO;
				MonkeyDevDeviceIP = "";
				MonkeyDevDevicePassword = "";
				MonkeyDevDevicePort = 2222;
				MonkeyDevInstallOnAnyBuild = YES;
				MonkeyDevInstallOnProfiling = YES;
				MonkeyDevkillProcessOnInstall = SpringBoard;
				PRODUCT_NAME = "$(TARGET_NAME)";
				TARGETED_DEVICE_FAMILY = "1,2";
			};
			name = Release;
		};
		E1B71ABB20F89E1000C30A86 /* Debug */ = {
			isa = XCBuildConfiguration;
			baseConfigurationReference = 4FE2F33A7294B9F3D37A47FC /* Pods-wxControlTweak.debug.xcconfig */;
			buildSettings = {
				CLANG_ENABLE_OBJC_ARC = YES;
				CODE_SIGN_IDENTITY = "";
				CODE_SIGN_STYLE = Automatic;
				DEVELOPMENT_TEAM = MBYQ3L6XSK;
				DYLIB_COMPATIBILITY_VERSION = 1;
				DYLIB_CURRENT_VERSION = 1;
				GCC_PRECOMPILE_PREFIX_HEADER = YES;
				GCC_PREFIX_HEADER = "wxControlTweak/wxControlTweak-Prefix.pch";
				INSTALL_PATH = /Library/MobileSubstrate/DynamicLibraries;
				MonkeyDevBuildPackageOnAnyBuild = NO;
				MonkeyDevClearUiCacheOnInstall = NO;
				MonkeyDevCopyOnBuild = NO;
				MonkeyDevDeviceIP = "";
				MonkeyDevDevicePassword = "";
				MonkeyDevDevicePort = 2222;
				MonkeyDevInstallOnAnyBuild = YES;
				MonkeyDevInstallOnProfiling = YES;
				MonkeyDevkillProcessOnInstall = SpringBoard;
				PRODUCT_NAME = "$(TARGET_NAME)";
				TARGETED_DEVICE_FAMILY = "1,2";
			};
			name = Debug;
		};
/* End XCBuildConfiguration section */

/* Begin XCConfigurationList section */
		E1B71A9520F89E1000C30A86 /* Build configuration list for PBXProject "wxControlTweak" */ = {
			isa = XCConfigurationList;
			buildConfigurations = (
				E1B71AB720F89E1000C30A86 /* Release */,
				E1B71AB820F89E1000C30A86 /* Debug */,
			);
			defaultConfigurationIsVisible = 0;
			defaultConfigurationName = Release;
		};
		E1B71AB920F89E1000C30A86 /* Build configuration list for PBXNativeTarget "wxControlTweak" */ = {
			isa = XCConfigurationList;
			buildConfigurations = (
				E1B71ABA20F89E1000C30A86 /* Release */,
				E1B71ABB20F89E1000C30A86 /* Debug */,
			);
			defaultConfigurationIsVisible = 0;
			defaultConfigurationName = Release;
		};
/* End XCConfigurationList section */
	};
	rootObject = E1B71A9220F89E1000C30A86 /* Project object */;
}
